{
    "_meta": {
        "hash": {
            "sha256": "a0058fb94bfce07e30c25544b8b0f241cdc56e8d21bcc47b1b3463a138cb706d"
        },
        "host-environment-markers": {
            "implementation_name": "cpython",
            "implementation_version": "3.6.4",
            "os_name": "nt",
            "platform_machine": "AMD64",
            "platform_python_implementation": "CPython",
            "platform_release": "10",
            "platform_system": "Windows",
            "platform_version": "10.0.16299",
            "python_full_version": "3.6.4",
            "python_version": "3.6",
            "sys_platform": "win32"
        },
        "pipfile-spec": 6,
        "requires": {},
        "sources": [
            {
                "name": "pypi",
                "url": "https://pypi.douban.com/simple",
                "verify_ssl": true
            }
        ]
    },
    "default": {
        "certifi": {
            "hashes": [],
            "version": "==2018.4.16"
        },
        "chardet": {
            "hashes": [],
            "version": "==3.0.4"
        },
        "coreapi": {
            "hashes": [],
            "version": "==2.3.3"
        },
        "coreschema": {
            "hashes": [],
            "version": "==0.0.4"
        },
        "diff-match-patch": {
            "hashes": [],
            "version": "==20121119"
        },
        "django": {
            "hashes": [],
            "version": "==2.0.4"
        },
        "django-cors-headers": {
            "hashes": [],
            "version": "==2.2.0"
        },
        "django-crispy-forms": {
            "hashes": [],
            "version": "==1.7.2"
        },
        "django-filter": {
            "hashes": [],
            "version": "==1.1.0"
        },
        "django-formtools": {
            "hashes": [],
            "version": "==2.1"
        },
        "django-guardian": {
            "hashes": [],
            "version": "==1.4.9"
        },
        "django-import-export": {
            "hashes": [],
            "version": "==1.0.0"
        },
        "django-redis": {
            "hashes": [],
            "version": "==4.9.0"
        },
        "django-reversion": {
            "hashes": [],
            "version": "==2.0.13"
        },
        "djangorestframework": {
            "hashes": [],
            "version": "==3.8.2"
        },
        "djangorestframework-jwt": {
            "hashes": [],
            "version": "==1.11.0"
        },
        "drf-extensions": {
            "hashes": [],
            "version": "==0.3.1"
        },
        "et-xmlfile": {
            "hashes": [],
            "version": "==1.0.1"
        },
        "future": {
            "hashes": [],
            "version": "==0.16.0"
        },
        "httplib2": {
            "hashes": [],
            "version": "==0.11.3"
        },
        "idna": {
            "hashes": [],
            "version": "==2.6"
        },
        "itypes": {
            "hashes": [],
            "version": "==1.1.0"
        },
        "jdcal": {
            "hashes": [],
            "version": "==1.4"
        },
        "jinja2": {
            "hashes": [],
            "version": "==2.10"
        },
        "markdown": {
            "hashes": [],
            "version": "==2.6.11"
        },
        "markupsafe": {
            "hashes": [],
            "version": "==1.0"
        },
        "mysqlclient": {
            "hashes": [],
            "version": "==1.3.12"
        },
        "odfpy": {
            "hashes": [],
            "version": "==1.3.6"
        },
        "openpyxl": {
            "hashes": [],
            "version": "==2.5.3"
        },
        "pillow": {
            "hashes": [],
            "version": "==5.1.0"
        },
        "pycryptodome": {
            "hashes": [],
            "version": "==3.6.1"
        },
        "pyjwt": {
            "hashes": [],
            "version": "==1.6.1"
        },
        "pymysql": {
            "hashes": [],
            "version": "==0.8.0"
        },
        "pytz": {
            "hashes": [],
            "version": "==2018.4"
        },
        "pyyaml": {
            "hashes": [],
            "version": "==3.12"
        },
        "raven": {
            "hashes": [],
            "version": "==6.7.0"
        },
        "redis": {
            "hashes": [],
            "version": "==2.10.6"
        },
        "requests": {
            "hashes": [],
            "version": "==2.18.4"
        },
        "six": {
            "hashes": [],
            "version": "==1.11.0"
        },
        "tablib": {
            "hashes": [],
            "version": "==0.12.1"
        },
        "unicodecsv": {
            "hashes": [],
            "version": "==0.14.1"
        },
        "uritemplate": {
            "hashes": [],
            "version": "==3.0.0"
        },
        "urllib3": {
            "hashes": [],
            "version": "==1.22"
        },
        "xlrd": {
            "hashes": [],
            "version": "==1.1.0"
        },
        "xlsxwriter": {
            "hashes": [],
            "version": "==1.0.4"
        },
        "xlwt": {
            "hashes": [],
            "version": "==1.3.0"
        }
    },
    "develop": {}
}
